
Microsoft Visual Studio Solution File, Format Version 12.00
# Visual Studio 2012
Project("{FAE04EC0-301F-11D3-BF4B-00C04F79EFBC}") = "ConsoleWalker", "ConsoleWalker\ConsoleWalker.csproj", "{8598822C-8FD4-48B6-9F8B-D79443520CBE}"
EndProject
Global
	GlobalSection(SolutionConfigurationPlatforms) = preSolution
		Debug|Any CPU = Debug|Any CPU
		Release|Any CPU = Release|Any CPU
	EndGlobalSection
	GlobalSection(ProjectConfigurationPlatforms) = postSolution
		{8598822C-8FD4-48B6-9F8B-D79443520CBE}.Debug|Any CPU.ActiveCfg = Debug|Any CPU
		{8598822C-8FD4-48B6-9F8B-D79443520CBE}.Debug|Any CPU.Build.0 = Debug|Any CPU
		{8598822C-8FD4-48B6-9F8B-D79443520CBE}.Release|Any CPU.ActiveCfg = Release|Any CPU
		{8598822C-8FD4-48B6-9F8B-D79443520CBE}.Release|Any CPU.Build.0 = Release|Any CPU
	EndGlobalSection
EndGlobal
